
Microsoft Visual Studio Solution File, Format Version 12.00
# Visual Studio 15
VisualStudioVersion = 15.0.28307.168
MinimumVisualStudioVersion = 10.0.40219.1
Project("{FAE04EC0-301F-11D3-BF4B-00C04F79EFBC}") = "PCIIdentificationResolver", "PCIIdentificationResolver\PCIIdentificationResolver.csproj", "{D3AEBE66-71E3-4403-87DC-7D6C90FF31A9}"
EndProject
Project("{FAE04EC0-301F-11D3-BF4B-00C04F79EFBC}") = "PCIIdentificationResolverSample", "PCIIdentificationResolverSample\PCIIdentificationResolverSample.csproj", "{696CC7C1-0D37-4C2F-B0B7-3D7B9B26EB85}"
EndProject
Global
	GlobalSection(SolutionConfigurationPlatforms) = preSolution
		Debug|Any CPU = Debug|Any CPU
		Release|Any CPU = Release|Any CPU
	EndGlobalSection
	GlobalSection(ProjectConfigurationPlatforms) = postSolution
		{D3AEBE66-71E3-4403-87DC-7D6C90FF31A9}.Debug|Any CPU.ActiveCfg = Debug|Any CPU
		{D3AEBE66-71E3-4403-87DC-7D6C90FF31A9}.Debug|Any CPU.Build.0 = Debug|Any CPU
		{D3AEBE66-71E3-4403-87DC-7D6C90FF31A9}.Release|Any CPU.ActiveCfg = Release|Any CPU
		{D3AEBE66-71E3-4403-87DC-7D6C90FF31A9}.Release|Any CPU.Build.0 = Release|Any CPU
		{696CC7C1-0D37-4C2F-B0B7-3D7B9B26EB85}.Debug|Any CPU.ActiveCfg = Debug|Any CPU
		{696CC7C1-0D37-4C2F-B0B7-3D7B9B26EB85}.Debug|Any CPU.Build.0 = Debug|Any CPU
		{696CC7C1-0D37-4C2F-B0B7-3D7B9B26EB85}.Release|Any CPU.ActiveCfg = Release|Any CPU
		{696CC7C1-0D37-4C2F-B0B7-3D7B9B26EB85}.Release|Any CPU.Build.0 = Release|Any CPU
	EndGlobalSection
	GlobalSection(SolutionProperties) = preSolution
		HideSolutionNode = FALSE
	EndGlobalSection
	GlobalSection(ExtensibilityGlobals) = postSolution
		SolutionGuid = {712A9698-195F-487C-AF5E-7B100AE3B5BB}
	EndGlobalSection
EndGlobal
